
Microsoft Visual Studio Solution File, Format Version 11.00
# Visual Studio 2010
Project("{FAE04EC0-301F-11D3-BF4B-00C04F79EFBC}") = "Assembly-CSharp", "Assembly-CSharp.csproj", "{725545b1-2d4d-40cc-29d8-cc5b365e29c8}"
EndProject
Project("{FAE04EC0-301F-11D3-BF4B-00C04F79EFBC}") = "Assembly-CSharp-Editor", "Assembly-CSharp-Editor.csproj", "{72a5cb13-6f59-bbf3-18b1-35158246f106}"
EndProject
Global
	GlobalSection(SolutionConfigurationPlatforms) = preSolution
		Debug|Any CPU = Debug|Any CPU
	EndGlobalSection
	GlobalSection(ProjectConfigurationPlatforms) = postSolution
		{725545b1-2d4d-40cc-29d8-cc5b365e29c8}.Debug|Any CPU.ActiveCfg = Debug|Any CPU
		{725545b1-2d4d-40cc-29d8-cc5b365e29c8}.Debug|Any CPU.Build.0 = Debug|Any CPU
		{72a5cb13-6f59-bbf3-18b1-35158246f106}.Debug|Any CPU.ActiveCfg = Debug|Any CPU
		{72a5cb13-6f59-bbf3-18b1-35158246f106}.Debug|Any CPU.Build.0 = Debug|Any CPU
	EndGlobalSection
	GlobalSection(SolutionProperties) = preSolution
		HideSolutionNode = FALSE
	EndGlobalSection
EndGlobal
